// !$*UTF8*$!
{
	archiveVersion = 1;
	classes = {
	};
	objectVersion = 51;
	objects = {

/* Begin PBXBuildFile section */
		A58DC955C61F55BACF0B24DF /* Pods_uvel.framework in Frameworks */ = {isa = PBXBuildFile; fileRef = D1DA5504F8A40ACD4A3D412A /* Pods_uvel.framework */; };
		E16550AE22D4ADF300C2E350 /* AppDelegate.swift in Sources */ = {isa = PBXBuildFile; fileRef = E16550AD22D4ADF300C2E350 /* AppDelegate.swift */; };
		E16550B322D4ADF300C2E350 /* Main.storyboard in Resources */ = {isa = PBXBuildFile; fileRef = E16550B122D4ADF300C2E350 /* Main.storyboard */; };
		E16550B522D4ADF300C2E350 /* Assets.xcassets in Resources */ = {isa = PBXBuildFile; fileRef = E16550B422D4ADF300C2E350 /* Assets.xcassets */; };
		E16550B822D4ADF300C2E350 /* LaunchScreen.storyboard in Resources */ = {isa = PBXBuildFile; fileRef = E16550B622D4ADF300C2E350 /* LaunchScreen.storyboard */; };
		E16550C222D4B36D00C2E350 /* firstLevelTableViewCell.swift in Sources */ = {isa = PBXBuildFile; fileRef = E16550C022D4B36D00C2E350 /* firstLevelTableViewCell.swift */; };
		E16550C322D4B36D00C2E350 /* firstLevelTableViewCell.xib in Resources */ = {isa = PBXBuildFile; fileRef = E16550C122D4B36D00C2E350 /* firstLevelTableViewCell.xib */; };
		E16550D122D4B9AE00C2E350 /* SecondLevelTableViewCell.swift in Sources */ = {isa = PBXBuildFile; fileRef = E16550CF22D4B9AE00C2E350 /* SecondLevelTableViewCell.swift */; };
		E16550D222D4B9AE00C2E350 /* SecondLevelTableViewCell.xib in Resources */ = {isa = PBXBuildFile; fileRef = E16550D022D4B9AE00C2E350 /* SecondLevelTableViewCell.xib */; };
		E16550EF22DC61BB00C2E350 /* ParseData.swift in Sources */ = {isa = PBXBuildFile; fileRef = E16550EE22DC61BB00C2E350 /* ParseData.swift */; };
		E16550FB22DDDF4B00C2E350 /* RequestManager.swift in Sources */ = {isa = PBXBuildFile; fileRef = E16550FA22DDDF4B00C2E350 /* RequestManager.swift */; };
		E16550FE22DDFDAE00C2E350 /* PageViewController.swift in Sources */ = {isa = PBXBuildFile; fileRef = E16550FD22DDFDAE00C2E350 /* PageViewController.swift */; };
		E165510022DE0A8800C2E350 /* MainViewController.swift in Sources */ = {isa = PBXBuildFile; fileRef = E16550FF22DE0A8800C2E350 /* MainViewController.swift */; };
		E165510422DEEF9200C2E350 /* ViewController.swift in Sources */ = {isa = PBXBuildFile; fileRef = E165510322DEEF9200C2E350 /* ViewController.swift */; };
		E1F815E922DFF93B002943C4 /* CategoriesCollectionViewCell.swift in Sources */ = {isa = PBXBuildFile; fileRef = E1F815E822DFF93B002943C4 /* CategoriesCollectionViewCell.swift */; };
		E1F815EB22DFFE85002943C4 /* CategoriesCollectionView.swift in Sources */ = {isa = PBXBuildFile; fileRef = E1F815EA22DFFE85002943C4 /* CategoriesCollectionView.swift */; };
		E1F815EF22E5E135002943C4 /* SearchCellTableViewCell.swift in Sources */ = {isa = PBXBuildFile; fileRef = E1F815ED22E5E135002943C4 /* SearchCellTableViewCell.swift */; };
		E1F815F022E5E135002943C4 /* SearchCellTableViewCell.xib in Resources */ = {isa = PBXBuildFile; fileRef = E1F815EE22E5E135002943C4 /* SearchCellTableViewCell.xib */; };
/* End PBXBuildFile section */

/* Begin PBXFileReference section */
		1A7EF468CE515A214E61C87A /* Pods-uvel.debug.xcconfig */ = {isa = PBXFileReference; includeInIndex = 1; lastKnownFileType = text.xcconfig; name = "Pods-uvel.debug.xcconfig"; path = "Target Support Files/Pods-uvel/Pods-uvel.debug.xcconfig"; sourceTree = "<group>"; };
		3723D0DA9A53236975A2EBAC /* Pods-uvel.release.xcconfig */ = {isa = PBXFileReference; includeInIndex = 1; lastKnownFileType = text.xcconfig; name = "Pods-uvel.release.xcconfig"; path = "Target Support Files/Pods-uvel/Pods-uvel.release.xcconfig"; sourceTree = "<group>"; };
		D1DA5504F8A40ACD4A3D412A /* Pods_uvel.framework */ = {isa = PBXFileReference; explicitFileType = wrapper.framework; includeInIndex = 0; path = Pods_uvel.framework; sourceTree = BUILT_PRODUCTS_DIR; };
		E16550AA22D4ADF300C2E350 /* uvel.app */ = {isa = PBXFileReference; explicitFileType = wrapper.application; includeInIndex = 0; path = uvel.app; sourceTree = BUILT_PRODUCTS_DIR; };
		E16550AD22D4ADF300C2E350 /* AppDelegate.swift */ = {isa = PBXFileReference; lastKnownFileType = sourcecode.swift; path = AppDelegate.swift; sourceTree = "<group>"; };
		E16550B222D4ADF300C2E350 /* Base */ = {isa = PBXFileReference; lastKnownFileType = file.storyboard; name = Base; path = Base.lproj/Main.storyboard; sourceTree = "<group>"; };
		E16550B422D4ADF300C2E350 /* Assets.xcassets */ = {isa = PBXFileReference; lastKnownFileType = folder.assetcatalog; path = Assets.xcassets; sourceTree = "<group>"; };
		E16550B722D4ADF300C2E350 /* Base */ = {isa = PBXFileReference; lastKnownFileType = file.storyboard; name = Base; path = Base.lproj/LaunchScreen.storyboard; sourceTree = "<group>"; };
		E16550B922D4ADF300C2E350 /* Info.plist */ = {isa = PBXFileReference; lastKnownFileType = text.plist.xml; path = Info.plist; sourceTree = "<group>"; };
		E16550C022D4B36D00C2E350 /* firstLevelTableViewCell.swift */ = {isa = PBXFileReference; lastKnownFileType = sourcecode.swift; path = firstLevelTableViewCell.swift; sourceTree = "<group>"; };
		E16550C122D4B36D00C2E350 /* firstLevelTableViewCell.xib */ = {isa = PBXFileReference; lastKnownFileType = file.xib; path = firstLevelTableViewCell.xib; sourceTree = "<group>"; };
		E16550CF22D4B9AE00C2E350 /* SecondLevelTableViewCell.swift */ = {isa = PBXFileReference; lastKnownFileType = sourcecode.swift; path = SecondLevelTableViewCell.swift; sourceTree = "<group>"; };
		E16550D022D4B9AE00C2E350 /* SecondLevelTableViewCell.xib */ = {isa = PBXFileReference; lastKnownFileType = file.xib; path = SecondLevelTableViewCell.xib; sourceTree = "<group>"; };
		E16550EE22DC61BB00C2E350 /* ParseData.swift */ = {isa = PBXFileReference; lastKnownFileType = sourcecode.swift; path = ParseData.swift; sourceTree = "<group>"; };
		E16550FA22DDDF4B00C2E350 /* RequestManager.swift */ = {isa = PBXFileReference; lastKnownFileType = sourcecode.swift; path = RequestManager.swift; sourceTree = "<group>"; };
		E16550FD22DDFDAE00C2E350 /* PageViewController.swift */ = {isa = PBXFileReference; lastKnownFileType = sourcecode.swift; path = PageViewController.swift; sourceTree = "<group>"; };
		E16550FF22DE0A8800C2E350 /* MainViewController.swift */ = {isa = PBXFileReference; lastKnownFileType = sourcecode.swift; path = MainViewController.swift; sourceTree = "<group>"; };
		E165510322DEEF9200C2E350 /* ViewController.swift */ = {isa = PBXFileReference; lastKnownFileType = sourcecode.swift; path = ViewController.swift; sourceTree = "<group>"; };
		E1F815E822DFF93B002943C4 /* CategoriesCollectionViewCell.swift */ = {isa = PBXFileReference; lastKnownFileType = sourcecode.swift; path = CategoriesCollectionViewCell.swift; sourceTree = "<group>"; };
		E1F815EA22DFFE85002943C4 /* CategoriesCollectionView.swift */ = {isa = PBXFileReference; lastKnownFileType = sourcecode.swift; path = CategoriesCollectionView.swift; sourceTree = "<group>"; };
		E1F815ED22E5E135002943C4 /* SearchCellTableViewCell.swift */ = {isa = PBXFileReference; lastKnownFileType = sourcecode.swift; path = SearchCellTableViewCell.swift; sourceTree = "<group>"; };
		E1F815EE22E5E135002943C4 /* SearchCellTableViewCell.xib */ = {isa = PBXFileReference; lastKnownFileType = file.xib; path = SearchCellTableViewCell.xib; sourceTree = "<group>"; };
/* End PBXFileReference section */

/* Begin PBXFrameworksBuildPhase section */
		E16550A722D4ADF300C2E350 /* Frameworks */ = {
			isa = PBXFrameworksBuildPhase;
			buildActionMask = 2147483647;
			files = (
				A58DC955C61F55BACF0B24DF /* Pods_uvel.framework in Frameworks */,
			);
			runOnlyForDeploymentPostprocessing = 0;
		};
/* End PBXFrameworksBuildPhase section */

/* Begin PBXGroup section */
		07E782BF72A0DDAF91CA147A /* Frameworks */ = {
			isa = PBXGroup;
			children = (
				D1DA5504F8A40ACD4A3D412A /* Pods_uvel.framework */,
			);
			name = Frameworks;
			sourceTree = "<group>";
		};
		2998EFB1F512642C9CB70D42 /* Pods */ = {
			isa = PBXGroup;
			children = (
				1A7EF468CE515A214E61C87A /* Pods-uvel.debug.xcconfig */,
				3723D0DA9A53236975A2EBAC /* Pods-uvel.release.xcconfig */,
			);
			path = Pods;
			sourceTree = "<group>";
		};
		E16550A122D4ADF300C2E350 = {
			isa = PBXGroup;
			children = (
				E16550AC22D4ADF300C2E350 /* uvel */,
				E16550AB22D4ADF300C2E350 /* Products */,
				2998EFB1F512642C9CB70D42 /* Pods */,
				07E782BF72A0DDAF91CA147A /* Frameworks */,
			);
			sourceTree = "<group>";
		};
		E16550AB22D4ADF300C2E350 /* Products */ = {
			isa = PBXGroup;
			children = (
				E16550AA22D4ADF300C2E350 /* uvel.app */,
			);
			name = Products;
			sourceTree = "<group>";
		};
		E16550AC22D4ADF300C2E350 /* uvel */ = {
			isa = PBXGroup;
			children = (
				E1F815F122E6D124002943C4 /* sourse */,
				E1F815F222E6D13B002943C4 /* storyboards */,
				E1F815F422E6D17F002943C4 /* supportingFiles */,
				E16550AD22D4ADF300C2E350 /* AppDelegate.swift */,
				E16550B422D4ADF300C2E350 /* Assets.xcassets */,
				E16550B922D4ADF300C2E350 /* Info.plist */,
			);
			path = uvel;
			sourceTree = "<group>";
		};
		E1F815F122E6D124002943C4 /* sourse */ = {
			isa = PBXGroup;
			children = (
				E1F815F522E6D1DC002943C4 /* Models */,
				E1F815F622E6D206002943C4 /* Modules */,
				E1F815F722E6D211002943C4 /* Managers */,
			);
			path = sourse;
			sourceTree = "<group>";
		};
		E1F815F222E6D13B002943C4 /* storyboards */ = {
			isa = PBXGroup;
			children = (
				E16550B122D4ADF300C2E350 /* Main.storyboard */,
				E16550B622D4ADF300C2E350 /* LaunchScreen.storyboard */,
			);
			path = storyboards;
			sourceTree = "<group>";
		};
		E1F815F422E6D17F002943C4 /* supportingFiles */ = {
			isa = PBXGroup;
			children = (
			);
			path = supportingFiles;
			sourceTree = "<group>";
		};
		E1F815F522E6D1DC002943C4 /* Models */ = {
			isa = PBXGroup;
			children = (
				E1F815F822E6DB8B002943C4 /* inMemory */,
				E1F815FA22E6DBBB002943C4 /* realm */,
			);
			path = Models;
			sourceTree = "<group>";
		};
		E1F815F622E6D206002943C4 /* Modules */ = {
			isa = PBXGroup;
			children = (
				E1F815FB22E6DE0E002943C4 /* products */,
			);
			path = Modules;
			sourceTree = "<group>";
		};
		E1F815F722E6D211002943C4 /* Managers */ = {
			isa = PBXGroup;
			children = (
				E16550FA22DDDF4B00C2E350 /* RequestManager.swift */,
			);
			path = Managers;
			sourceTree = "<group>";
		};
		E1F815F822E6DB8B002943C4 /* inMemory */ = {
			isa = PBXGroup;
			children = (
				E16550EE22DC61BB00C2E350 /* ParseData.swift */,
			);
			path = inMemory;
			sourceTree = "<group>";
		};
		E1F815FA22E6DBBB002943C4 /* realm */ = {
			isa = PBXGroup;
			children = (
			);
			path = realm;
			sourceTree = "<group>";
		};
		E1F815FB22E6DE0E002943C4 /* products */ = {
			isa = PBXGroup;
			children = (
				E1F815FD22E6E2B1002943C4 /* views */,
				E1F815FC22E6DE37002943C4 /* controllers */,
			);
			path = products;
			sourceTree = "<group>";
		};
		E1F815FC22E6DE37002943C4 /* controllers */ = {
			isa = PBXGroup;
			children = (
				E16550FD22DDFDAE00C2E350 /* PageViewController.swift */,
				E16550FF22DE0A8800C2E350 /* MainViewController.swift */,
				E165510322DEEF9200C2E350 /* ViewController.swift */,
				E1F815E822DFF93B002943C4 /* CategoriesCollectionViewCell.swift */,
				E1F815EA22DFFE85002943C4 /* CategoriesCollectionView.swift */,
			);
			path = controllers;
			sourceTree = "<group>";
		};
		E1F815FD22E6E2B1002943C4 /* views */ = {
			isa = PBXGroup;
			children = (
				E1F815ED22E5E135002943C4 /* SearchCellTableViewCell.swift */,
				E1F815EE22E5E135002943C4 /* SearchCellTableViewCell.xib */,
				E16550C022D4B36D00C2E350 /* firstLevelTableViewCell.swift */,
				E16550C122D4B36D00C2E350 /* firstLevelTableViewCell.xib */,
				E16550CF22D4B9AE00C2E350 /* SecondLevelTableViewCell.swift */,
				E16550D022D4B9AE00C2E350 /* SecondLevelTableViewCell.xib */,
			);
			path = views;
			sourceTree = "<group>";
		};
/* End PBXGroup section */

/* Begin PBXNativeTarget section */
		E16550A922D4ADF300C2E350 /* uvel */ = {
			isa = PBXNativeTarget;
			buildConfigurationList = E16550BC22D4ADF300C2E350 /* Build configuration list for PBXNativeTarget "uvel" */;
			buildPhases = (
				E925C1972EAD16A047BCD90C /* [CP] Check Pods Manifest.lock */,
				E16550A622D4ADF300C2E350 /* Sources */,
				E16550A722D4ADF300C2E350 /* Frameworks */,
				E16550A822D4ADF300C2E350 /* Resources */,
				E27B9CDB1907F356EEA3CA0B /* [CP] Embed Pods Frameworks */,
			);
			buildRules = (
			);
			dependencies = (
			);
			name = uvel;
			productName = uvel;
			productReference = E16550AA22D4ADF300C2E350 /* uvel.app */;
			productType = "com.apple.product-type.application";
		};
/* End PBXNativeTarget section */

/* Begin PBXProject section */
		E16550A222D4ADF300C2E350 /* Project object */ = {
			isa = PBXProject;
			attributes = {
				LastSwiftUpdateCheck = 1020;
				LastUpgradeCheck = 1020;
				ORGANIZATIONNAME = "Роберт Райсих";
				TargetAttributes = {
					E16550A922D4ADF300C2E350 = {
						CreatedOnToolsVersion = 10.2.1;
					};
				};
			};
			buildConfigurationList = E16550A522D4ADF300C2E350 /* Build configuration list for PBXProject "uvel" */;
			compatibilityVersion = "Xcode 9.3";
			developmentRegion = en;
			hasScannedForEncodings = 0;
			knownRegions = (
				en,
				Base,
			);
			mainGroup = E16550A122D4ADF300C2E350;
			productRefGroup = E16550AB22D4ADF300C2E350 /* Products */;
			projectDirPath = "";
			projectRoot = "";
			targets = (
				E16550A922D4ADF300C2E350 /* uvel */,
			);
		};
/* End PBXProject section */

/* Begin PBXResourcesBuildPhase section */
		E16550A822D4ADF300C2E350 /* Resources */ = {
			isa = PBXResourcesBuildPhase;
			buildActionMask = 2147483647;
			files = (
				E16550D222D4B9AE00C2E350 /* SecondLevelTableViewCell.xib in Resources */,
				E16550B822D4ADF300C2E350 /* LaunchScreen.storyboard in Resources */,
				E16550B522D4ADF300C2E350 /* Assets.xcassets in Resources */,
				E1F815F022E5E135002943C4 /* SearchCellTableViewCell.xib in Resources */,
				E16550B322D4ADF300C2E350 /* Main.storyboard in Resources */,
				E16550C322D4B36D00C2E350 /* firstLevelTableViewCell.xib in Resources */,
			);
			runOnlyForDeploymentPostprocessing = 0;
		};
/* End PBXResourcesBuildPhase section */

/* Begin PBXShellScriptBuildPhase section */
		E27B9CDB1907F356EEA3CA0B /* [CP] Embed Pods Frameworks */ = {
			isa = PBXShellScriptBuildPhase;
			buildActionMask = 2147483647;
			files = (
			);
			inputFileListPaths = (
				"${PODS_ROOT}/Target Support Files/Pods-uvel/Pods-uvel-frameworks-${CONFIGURATION}-input-files.xcfilelist",
			);
			name = "[CP] Embed Pods Frameworks";
			outputFileListPaths = (
				"${PODS_ROOT}/Target Support Files/Pods-uvel/Pods-uvel-frameworks-${CONFIGURATION}-output-files.xcfilelist",
			);
			runOnlyForDeploymentPostprocessing = 0;
			shellPath = /bin/sh;
			shellScript = "\"${PODS_ROOT}/Target Support Files/Pods-uvel/Pods-uvel-frameworks.sh\"\n";
			showEnvVarsInLog = 0;
		};
		E925C1972EAD16A047BCD90C /* [CP] Check Pods Manifest.lock */ = {
			isa = PBXShellScriptBuildPhase;
			buildActionMask = 2147483647;
			files = (
			);
			inputFileListPaths = (
			);
			inputPaths = (
				"${PODS_PODFILE_DIR_PATH}/Podfile.lock",
				"${PODS_ROOT}/Manifest.lock",
			);
			name = "[CP] Check Pods Manifest.lock";
			outputFileListPaths = (
			);
			outputPaths = (
				"$(DERIVED_FILE_DIR)/Pods-uvel-checkManifestLockResult.txt",
			);
			runOnlyForDeploymentPostprocessing = 0;
			shellPath = /bin/sh;
			shellScript = "diff \"${PODS_PODFILE_DIR_PATH}/Podfile.lock\" \"${PODS_ROOT}/Manifest.lock\" > /dev/null\nif [ $? != 0 ] ; then\n    # print error to STDERR\n    echo \"error: The sandbox is not in sync with the Podfile.lock. Run 'pod install' or update your CocoaPods installation.\" >&2\n    exit 1\nfi\n# This output is used by Xcode 'outputs' to avoid re-running this script phase.\necho \"SUCCESS\" > \"${SCRIPT_OUTPUT_FILE_0}\"\n";
			showEnvVarsInLog = 0;
		};
/* End PBXShellScriptBuildPhase section */

/* Begin PBXSourcesBuildPhase section */
		E16550A622D4ADF300C2E350 /* Sources */ = {
			isa = PBXSourcesBuildPhase;
			buildActionMask = 2147483647;
			files = (
				E16550D122D4B9AE00C2E350 /* SecondLevelTableViewCell.swift in Sources */,
				E1F815EF22E5E135002943C4 /* SearchCellTableViewCell.swift in Sources */,
				E16550FB22DDDF4B00C2E350 /* RequestManager.swift in Sources */,
				E165510422DEEF9200C2E350 /* ViewController.swift in Sources */,
				E16550C222D4B36D00C2E350 /* firstLevelTableViewCell.swift in Sources */,
				E1F815E922DFF93B002943C4 /* CategoriesCollectionViewCell.swift in Sources */,
				E16550EF22DC61BB00C2E350 /* ParseData.swift in Sources */,
				E16550FE22DDFDAE00C2E350 /* PageViewController.swift in Sources */,
				E16550AE22D4ADF300C2E350 /* AppDelegate.swift in Sources */,
				E1F815EB22DFFE85002943C4 /* CategoriesCollectionView.swift in Sources */,
				E165510022DE0A8800C2E350 /* MainViewController.swift in Sources */,
			);
			runOnlyForDeploymentPostprocessing = 0;
		};
/* End PBXSourcesBuildPhase section */

/* Begin PBXVariantGroup section */
		E16550B122D4ADF300C2E350 /* Main.storyboard */ = {
			isa = PBXVariantGroup;
			children = (
				E16550B222D4ADF300C2E350 /* Base */,
			);
			name = Main.storyboard;
			sourceTree = "<group>";
		};
		E16550B622D4ADF300C2E350 /* LaunchScreen.storyboard */ = {
			isa = PBXVariantGroup;
			children = (
				E16550B722D4ADF300C2E350 /* Base */,
			);
			name = LaunchScreen.storyboard;
			sourceTree = "<group>";
		};
/* End PBXVariantGroup section */

/* Begin XCBuildConfiguration section */
		E16550BA22D4ADF300C2E350 /* Debug */ = {
			isa = XCBuildConfiguration;
			buildSettings = {
				ALWAYS_SEARCH_USER_PATHS = NO;
				CLANG_ANALYZER_NONNULL = YES;
				CLANG_ANALYZER_NUMBER_OBJECT_CONVERSION = YES_AGGRESSIVE;
				CLANG_CXX_LANGUAGE_STANDARD = "gnu++14";
				CLANG_CXX_LIBRARY = "libc++";
				CLANG_ENABLE_MODULES = YES;
				CLANG_ENABLE_OBJC_ARC = YES;
				CLANG_ENABLE_OBJC_WEAK = YES;
				CLANG_WARN_BLOCK_CAPTURE_AUTORELEASING = YES;
				CLANG_WARN_BOOL_CONVERSION = YES;
				CLANG_WARN_COMMA = YES;
				CLANG_WARN_CONSTANT_CONVERSION = YES;
				CLANG_WARN_DEPRECATED_OBJC_IMPLEMENTATIONS = YES;
				CLANG_WARN_DIRECT_OBJC_ISA_USAGE = YES_ERROR;
				CLANG_WARN_DOCUMENTATION_COMMENTS = YES;
				CLANG_WARN_EMPTY_BODY = YES;
				CLANG_WARN_ENUM_CONVERSION = YES;
				CLANG_WARN_INFINITE_RECURSION = YES;
				CLANG_WARN_INT_CONVERSION = YES;
				CLANG_WARN_NON_LITERAL_NULL_CONVERSION = YES;
				CLANG_WARN_OBJC_IMPLICIT_RETAIN_SELF = YES;
				CLANG_WARN_OBJC_LITERAL_CONVERSION = YES;
				CLANG_WARN_OBJC_ROOT_CLASS = YES_ERROR;
				CLANG_WARN_RANGE_LOOP_ANALYSIS = YES;
				CLANG_WARN_STRICT_PROTOTYPES = YES;
				CLANG_WARN_SUSPICIOUS_MOVE = YES;
				CLANG_WARN_UNGUARDED_AVAILABILITY = YES_AGGRESSIVE;
				CLANG_WARN_UNREACHABLE_CODE = YES;
				CLANG_WARN__DUPLICATE_METHOD_MATCH = YES;
				CODE_SIGN_IDENTITY = "iPhone Developer";
				COPY_PHASE_STRIP = NO;
				DEBUG_INFORMATION_FORMAT = dwarf;
				ENABLE_STRICT_OBJC_MSGSEND = YES;
				ENABLE_TESTABILITY = YES;
				GCC_C_LANGUAGE_STANDARD = gnu11;
				GCC_DYNAMIC_NO_PIC = NO;
				GCC_NO_COMMON_BLOCKS = YES;
				GCC_OPTIMIZATION_LEVEL = 0;
				GCC_PREPROCESSOR_DEFINITIONS = (
					"DEBUG=1",
					"$(inherited)",
				);
				GCC_WARN_64_TO_32_BIT_CONVERSION = YES;
				GCC_WARN_ABOUT_RETURN_TYPE = YES_ERROR;
				GCC_WARN_UNDECLARED_SELECTOR = YES;
				GCC_WARN_UNINITIALIZED_AUTOS = YES_AGGRESSIVE;
				GCC_WARN_UNUSED_FUNCTION = YES;
				GCC_WARN_UNUSED_VARIABLE = YES;
				IPHONEOS_DEPLOYMENT_TARGET = 12.2;
				MTL_ENABLE_DEBUG_INFO = INCLUDE_SOURCE;
				MTL_FAST_MATH = YES;
				ONLY_ACTIVE_ARCH = YES;
				SDKROOT = iphoneos;
				SWIFT_ACTIVE_COMPILATION_CONDITIONS = DEBUG;
				SWIFT_OPTIMIZATION_LEVEL = "-Onone";
			};
			name = Debug;
		};
		E16550BB22D4ADF300C2E350 /* Release */ = {
			isa = XCBuildConfiguration;
			buildSettings = {
				ALWAYS_SEARCH_USER_PATHS = NO;
				CLANG_ANALYZER_NONNULL = YES;
				CLANG_ANALYZER_NUMBER_OBJECT_CONVERSION = YES_AGGRESSIVE;
				CLANG_CXX_LANGUAGE_STANDARD = "gnu++14";
				CLANG_CXX_LIBRARY = "libc++";
				CLANG_ENABLE_MODULES = YES;
				CLANG_ENABLE_OBJC_ARC = YES;
				CLANG_ENABLE_OBJC_WEAK = YES;
				CLANG_WARN_BLOCK_CAPTURE_AUTORELEASING = YES;
				CLANG_WARN_BOOL_CONVERSION = YES;
				CLANG_WARN_COMMA = YES;
				CLANG_WARN_CONSTANT_CONVERSION = YES;
				CLANG_WARN_DEPRECATED_OBJC_IMPLEMENTATIONS = YES;
				CLANG_WARN_DIRECT_OBJC_ISA_USAGE = YES_ERROR;
				CLANG_WARN_DOCUMENTATION_COMMENTS = YES;
				CLANG_WARN_EMPTY_BODY = YES;
				CLANG_WARN_ENUM_CONVERSION = YES;
				CLANG_WARN_INFINITE_RECURSION = YES;
				CLANG_WARN_INT_CONVERSION = YES;
				CLANG_WARN_NON_LITERAL_NULL_CONVERSION = YES;
				CLANG_WARN_OBJC_IMPLICIT_RETAIN_SELF = YES;
				CLANG_WARN_OBJC_LITERAL_CONVERSION = YES;
				CLANG_WARN_OBJC_ROOT_CLASS = YES_ERROR;
				CLANG_WARN_RANGE_LOOP_ANALYSIS = YES;
				CLANG_WARN_STRICT_PROTOTYPES = YES;
				CLANG_WARN_SUSPICIOUS_MOVE = YES;
				CLANG_WARN_UNGUARDED_AVAILABILITY = YES_AGGRESSIVE;
				CLANG_WARN_UNREACHABLE_CODE = YES;
				CLANG_WARN__DUPLICATE_METHOD_MATCH = YES;
				CODE_SIGN_IDENTITY = "iPhone Developer";
				COPY_PHASE_STRIP = NO;
				DEBUG_INFORMATION_FORMAT = "dwarf-with-dsym";
				ENABLE_NS_ASSERTIONS = NO;
				ENABLE_STRICT_OBJC_MSGSEND = YES;
				GCC_C_LANGUAGE_STANDARD = gnu11;
				GCC_NO_COMMON_BLOCKS = YES;
				GCC_WARN_64_TO_32_BIT_CONVERSION = YES;
				GCC_WARN_ABOUT_RETURN_TYPE = YES_ERROR;
				GCC_WARN_UNDECLARED_SELECTOR = YES;
				GCC_WARN_UNINITIALIZED_AUTOS = YES_AGGRESSIVE;
				GCC_WARN_UNUSED_FUNCTION = YES;
				GCC_WARN_UNUSED_VARIABLE = YES;
				IPHONEOS_DEPLOYMENT_TARGET = 12.2;
				MTL_ENABLE_DEBUG_INFO = NO;
				MTL_FAST_MATH = YES;
				SDKROOT = iphoneos;
				SWIFT_COMPILATION_MODE = wholemodule;
				SWIFT_OPTIMIZATION_LEVEL = "-O";
				VALIDATE_PRODUCT = YES;
			};
			name = Release;
		};
		E16550BD22D4ADF300C2E350 /* Debug */ = {
			isa = XCBuildConfiguration;
			baseConfigurationReference = 1A7EF468CE515A214E61C87A /* Pods-uvel.debug.xcconfig */;
			buildSettings = {
				ASSETCATALOG_COMPILER_APPICON_NAME = AppIcon;
				CODE_SIGN_STYLE = Automatic;
				DEVELOPMENT_TEAM = HGW333AJ3D;
				INFOPLIST_FILE = uvel/Info.plist;
				IPHONEOS_DEPLOYMENT_TARGET = 12.2;
				LD_RUNPATH_SEARCH_PATHS = (
					"$(inherited)",
					"@executable_path/Frameworks",
				);
				PRODUCT_BUNDLE_IDENTIFIER = MyAuto.RobertRaisikh.uvel;
				PRODUCT_NAME = "$(TARGET_NAME)";
				SWIFT_VERSION = 5.0;
				TARGETED_DEVICE_FAMILY = "1,2";
			};
			name = Debug;
		};
		E16550BE22D4ADF300C2E350 /* Release */ = {
			isa = XCBuildConfiguration;
			baseConfigurationReference = 3723D0DA9A53236975A2EBAC /* Pods-uvel.release.xcconfig */;
			buildSettings = {
				ASSETCATALOG_COMPILER_APPICON_NAME = AppIcon;
				CODE_SIGN_STYLE = Automatic;
				DEVELOPMENT_TEAM = HGW333AJ3D;
				INFOPLIST_FILE = uvel/Info.plist;
				IPHONEOS_DEPLOYMENT_TARGET = 12.2;
				LD_RUNPATH_SEARCH_PATHS = (
					"$(inherited)",
					"@executable_path/Frameworks",
				);
				PRODUCT_BUNDLE_IDENTIFIER = MyAuto.RobertRaisikh.uvel;
				PRODUCT_NAME = "$(TARGET_NAME)";
				SWIFT_VERSION = 5.0;
				TARGETED_DEVICE_FAMILY = "1,2";
			};
			name = Release;
		};
/* End XCBuildConfiguration section */

/* Begin XCConfigurationList section */
		E16550A522D4ADF300C2E350 /* Build configuration list for PBXProject "uvel" */ = {
			isa = XCConfigurationList;
			buildConfigurations = (
				E16550BA22D4ADF300C2E350 /* Debug */,
				E16550BB22D4ADF300C2E350 /* Release */,
			);
			defaultConfigurationIsVisible = 0;
			defaultConfigurationName = Release;
		};
		E16550BC22D4ADF300C2E350 /* Build configuration list for PBXNativeTarget "uvel" */ = {
			isa = XCConfigurationList;
			buildConfigurations = (
				E16550BD22D4ADF300C2E350 /* Debug */,
				E16550BE22D4ADF300C2E350 /* Release */,
			);
			defaultConfigurationIsVisible = 0;
			defaultConfigurationName = Release;
		};
/* End XCConfigurationList section */
	};
	rootObject = E16550A222D4ADF300C2E350 /* Project object */;
}
